
Microsoft Visual Studio Solution File, Format Version 12.00
# Visual Studio Version 17
VisualStudioVersion = 17.10.34916.146
MinimumVisualStudioVersion = 10.0.40219.1
Project("{FAE04EC0-301F-11D3-BF4B-00C04F79EFBC}") = "PalindromeNumber", "PalindromeNumber\PalindromeNumber.csproj", "{4ACB9FD2-B037-4024-828E-6D6979D47B91}"
EndProject
Global
	GlobalSection(SolutionConfigurationPlatforms) = preSolution
		Debug|Any CPU = Debug|Any CPU
		Release|Any CPU = Release|Any CPU
	EndGlobalSection
	GlobalSection(ProjectConfigurationPlatforms) = postSolution
		{4ACB9FD2-B037-4024-828E-6D6979D47B91}.Debug|Any CPU.ActiveCfg = Debug|Any CPU
		{4ACB9FD2-B037-4024-828E-6D6979D47B91}.Debug|Any CPU.Build.0 = Debug|Any CPU
		{4ACB9FD2-B037-4024-828E-6D6979D47B91}.Release|Any CPU.ActiveCfg = Release|Any CPU
		{4ACB9FD2-B037-4024-828E-6D6979D47B91}.Release|Any CPU.Build.0 = Release|Any CPU
	EndGlobalSection
	GlobalSection(SolutionProperties) = preSolution
		HideSolutionNode = FALSE
	EndGlobalSection
	GlobalSection(ExtensibilityGlobals) = postSolution
		SolutionGuid = {5B66AE16-D24B-40A2-97AF-47075153DF33}
	EndGlobalSection
EndGlobal
